
Microsoft Visual Studio Solution File, Format Version 12.00
# Visual Studio Version 17
VisualStudioVersion = 17.4.33213.308
MinimumVisualStudioVersion = 10.0.40219.1
Project("{FAE04EC0-301F-11D3-BF4B-00C04F79EFBC}") = "DapperCRUDTutorial", "DapperCRUDTutorial\DapperCRUDTutorial.csproj", "{44BE00E9-3B25-418C-809F-3BFD330EB667}"
EndProject
Global
	GlobalSection(SolutionConfigurationPlatforms) = preSolution
		Debug|Any CPU = Debug|Any CPU
		Release|Any CPU = Release|Any CPU
	EndGlobalSection
	GlobalSection(ProjectConfigurationPlatforms) = postSolution
		{44BE00E9-3B25-418C-809F-3BFD330EB667}.Debug|Any CPU.ActiveCfg = Debug|Any CPU
		{44BE00E9-3B25-418C-809F-3BFD330EB667}.Debug|Any CPU.Build.0 = Debug|Any CPU
		{44BE00E9-3B25-418C-809F-3BFD330EB667}.Release|Any CPU.ActiveCfg = Release|Any CPU
		{44BE00E9-3B25-418C-809F-3BFD330EB667}.Release|Any CPU.Build.0 = Release|Any CPU
	EndGlobalSection
	GlobalSection(SolutionProperties) = preSolution
		HideSolutionNode = FALSE
	EndGlobalSection
	GlobalSection(ExtensibilityGlobals) = postSolution
		SolutionGuid = {42FB5B4C-BEED-4F0E-B600-AD99E7093EDF}
	EndGlobalSection
EndGlobal
